
Microsoft Visual Studio Solution File, Format Version 12.00
# Visual Studio Version 17
VisualStudioVersion = 17.5.33516.290
MinimumVisualStudioVersion = 10.0.40219.1
Project("{FAE04EC0-301F-11D3-BF4B-00C04F79EFBC}") = "managementScore", "managementScore\managementScore.csproj", "{2491BC39-CEA9-4157-9534-452E53B5F883}"
EndProject
Global
	GlobalSection(SolutionConfigurationPlatforms) = preSolution
		Debug|Any CPU = Debug|Any CPU
		Release|Any CPU = Release|Any CPU
	EndGlobalSection
	GlobalSection(ProjectConfigurationPlatforms) = postSolution
		{2491BC39-CEA9-4157-9534-452E53B5F883}.Debug|Any CPU.ActiveCfg = Debug|Any CPU
		{2491BC39-CEA9-4157-9534-452E53B5F883}.Debug|Any CPU.Build.0 = Debug|Any CPU
		{2491BC39-CEA9-4157-9534-452E53B5F883}.Release|Any CPU.ActiveCfg = Release|Any CPU
		{2491BC39-CEA9-4157-9534-452E53B5F883}.Release|Any CPU.Build.0 = Release|Any CPU
	EndGlobalSection
	GlobalSection(SolutionProperties) = preSolution
		HideSolutionNode = FALSE
	EndGlobalSection
	GlobalSection(ExtensibilityGlobals) = postSolution
		SolutionGuid = {9B3F1659-A4DA-4CE3-93F7-893514D09CCF}
	EndGlobalSection
EndGlobal
